
Microsoft Visual Studio Solution File, Format Version 12.00
# Visual Studio Version 17
VisualStudioVersion = 17.13.35919.96 d17.13
MinimumVisualStudioVersion = 10.0.40219.1
Project("{FAE04EC0-301F-11D3-BF4B-00C04F79EFBC}") = "Force1ApiClient", "Force1ApiClient.csproj", "{DC907334-2B7D-4EB9-B2BB-50043BCE2B10}"
EndProject
Global
	GlobalSection(SolutionConfigurationPlatforms) = preSolution
		Debug|Any CPU = Debug|Any CPU
		Release|Any CPU = Release|Any CPU
	EndGlobalSection
	GlobalSection(ProjectConfigurationPlatforms) = postSolution
		{DC907334-2B7D-4EB9-B2BB-50043BCE2B10}.Debug|Any CPU.ActiveCfg = Debug|Any CPU
		{DC907334-2B7D-4EB9-B2BB-50043BCE2B10}.Debug|Any CPU.Build.0 = Debug|Any CPU
		{DC907334-2B7D-4EB9-B2BB-50043BCE2B10}.Release|Any CPU.ActiveCfg = Release|Any CPU
		{DC907334-2B7D-4EB9-B2BB-50043BCE2B10}.Release|Any CPU.Build.0 = Release|Any CPU
	EndGlobalSection
	GlobalSection(SolutionProperties) = preSolution
		HideSolutionNode = FALSE
	EndGlobalSection
	GlobalSection(ExtensibilityGlobals) = postSolution
		SolutionGuid = {B27B73FF-0C1A-42AB-85CC-B53E8535F766}
	EndGlobalSection
EndGlobal
